// !$*UTF8*$!
{
	archiveVersion = 1;
	classes = {
	};
	objectVersion = 55;
	objects = {

/* Begin PBXBuildFile section */
		2D2151DB2864BC2E007C0A0F /* CCC_2nd_AppStoreApp.swift in Sources */ = {isa = PBXBuildFile; fileRef = 2D2151DA2864BC2E007C0A0F /* CCC_2nd_AppStoreApp.swift */; };
		2D2151DD2864BC2E007C0A0F /* ContentView.swift in Sources */ = {isa = PBXBuildFile; fileRef = 2D2151DC2864BC2E007C0A0F /* ContentView.swift */; };
		2D2151DF2864BC30007C0A0F /* Assets.xcassets in Resources */ = {isa = PBXBuildFile; fileRef = 2D2151DE2864BC30007C0A0F /* Assets.xcassets */; };
		2D2151E22864BC30007C0A0F /* Preview Assets.xcassets in Resources */ = {isa = PBXBuildFile; fileRef = 2D2151E12864BC30007C0A0F /* Preview Assets.xcassets */; };
		2D2151EC2864C52A007C0A0F /* TodayView.swift in Sources */ = {isa = PBXBuildFile; fileRef = 2D2151EB2864C52A007C0A0F /* TodayView.swift */; };
		2D2151EE2866ED3F007C0A0F /* AppView.swift in Sources */ = {isa = PBXBuildFile; fileRef = 2D2151ED2866ED3F007C0A0F /* AppView.swift */; };
		2D2151F02868C485007C0A0F /* AppDetailView.swift in Sources */ = {isa = PBXBuildFile; fileRef = 2D2151EF2868C485007C0A0F /* AppDetailView.swift */; };
		2D2151F228693AC7007C0A0F /* TodayCardView.swift in Sources */ = {isa = PBXBuildFile; fileRef = 2D2151F128693AC7007C0A0F /* TodayCardView.swift */; };
/* End PBXBuildFile section */

/* Begin PBXFileReference section */
		2D2151D72864BC2E007C0A0F /* CCC-2nd-AppStore.app */ = {isa = PBXFileReference; explicitFileType = wrapper.application; includeInIndex = 0; path = "CCC-2nd-AppStore.app"; sourceTree = BUILT_PRODUCTS_DIR; };
		2D2151DA2864BC2E007C0A0F /* CCC_2nd_AppStoreApp.swift */ = {isa = PBXFileReference; lastKnownFileType = sourcecode.swift; path = CCC_2nd_AppStoreApp.swift; sourceTree = "<group>"; };
		2D2151DC2864BC2E007C0A0F /* ContentView.swift */ = {isa = PBXFileReference; lastKnownFileType = sourcecode.swift; path = ContentView.swift; sourceTree = "<group>"; };
		2D2151DE2864BC30007C0A0F /* Assets.xcassets */ = {isa = PBXFileReference; lastKnownFileType = folder.assetcatalog; path = Assets.xcassets; sourceTree = "<group>"; };
		2D2151E12864BC30007C0A0F /* Preview Assets.xcassets */ = {isa = PBXFileReference; lastKnownFileType = folder.assetcatalog; path = "Preview Assets.xcassets"; sourceTree = "<group>"; };
		2D2151EB2864C52A007C0A0F /* TodayView.swift */ = {isa = PBXFileReference; lastKnownFileType = sourcecode.swift; path = TodayView.swift; sourceTree = "<group>"; };
		2D2151ED2866ED3F007C0A0F /* AppView.swift */ = {isa = PBXFileReference; lastKnownFileType = sourcecode.swift; path = AppView.swift; sourceTree = "<group>"; };
		2D2151EF2868C485007C0A0F /* AppDetailView.swift */ = {isa = PBXFileReference; lastKnownFileType = sourcecode.swift; path = AppDetailView.swift; sourceTree = "<group>"; };
		2D2151F128693AC7007C0A0F /* TodayCardView.swift */ = {isa = PBXFileReference; lastKnownFileType = sourcecode.swift; path = TodayCardView.swift; sourceTree = "<group>"; };
/* End PBXFileReference section */

/* Begin PBXFrameworksBuildPhase section */
		2D2151D42864BC2E007C0A0F /* Frameworks */ = {
			isa = PBXFrameworksBuildPhase;
			buildActionMask = 2147483647;
			files = (
			);
			runOnlyForDeploymentPostprocessing = 0;
		};
/* End PBXFrameworksBuildPhase section */

/* Begin PBXGroup section */
		2D2151CE2864BC2E007C0A0F = {
			isa = PBXGroup;
			children = (
				2D2151D92864BC2E007C0A0F /* CCC-2nd-AppStore */,
				2D2151D82864BC2E007C0A0F /* Products */,
			);
			sourceTree = "<group>";
		};
		2D2151D82864BC2E007C0A0F /* Products */ = {
			isa = PBXGroup;
			children = (
				2D2151D72864BC2E007C0A0F /* CCC-2nd-AppStore.app */,
			);
			name = Products;
			sourceTree = "<group>";
		};
		2D2151D92864BC2E007C0A0F /* CCC-2nd-AppStore */ = {
			isa = PBXGroup;
			children = (
				2D2151EA2864C4FE007C0A0F /* ViewModel */,
				2D2151DA2864BC2E007C0A0F /* CCC_2nd_AppStoreApp.swift */,
				2D2151DC2864BC2E007C0A0F /* ContentView.swift */,
				2D2151E82864C4EA007C0A0F /* View */,
				2D2151DE2864BC30007C0A0F /* Assets.xcassets */,
				2D2151E02864BC30007C0A0F /* Preview Content */,
			);
			path = "CCC-2nd-AppStore";
			sourceTree = "<group>";
		};
		2D2151E02864BC30007C0A0F /* Preview Content */ = {
			isa = PBXGroup;
			children = (
				2D2151E12864BC30007C0A0F /* Preview Assets.xcassets */,
			);
			path = "Preview Content";
			sourceTree = "<group>";
		};
		2D2151E82864C4EA007C0A0F /* View */ = {
			isa = PBXGroup;
			children = (
				2D2151EB2864C52A007C0A0F /* TodayView.swift */,
				2D2151F128693AC7007C0A0F /* TodayCardView.swift */,
				2D2151ED2866ED3F007C0A0F /* AppView.swift */,
				2D2151EF2868C485007C0A0F /* AppDetailView.swift */,
			);
			path = View;
			sourceTree = "<group>";
		};
		2D2151EA2864C4FE007C0A0F /* ViewModel */ = {
			isa = PBXGroup;
			children = (
			);
			path = ViewModel;
			sourceTree = "<group>";
		};
/* End PBXGroup section */

/* Begin PBXNativeTarget section */
		2D2151D62864BC2E007C0A0F /* CCC-2nd-AppStore */ = {
			isa = PBXNativeTarget;
			buildConfigurationList = 2D2151E52864BC30007C0A0F /* Build configuration list for PBXNativeTarget "CCC-2nd-AppStore" */;
			buildPhases = (
				2D2151D32864BC2E007C0A0F /* Sources */,
				2D2151D42864BC2E007C0A0F /* Frameworks */,
				2D2151D52864BC2E007C0A0F /* Resources */,
			);
			buildRules = (
			);
			dependencies = (
			);
			name = "CCC-2nd-AppStore";
			productName = "CCC-2nd-AppStore";
			productReference = 2D2151D72864BC2E007C0A0F /* CCC-2nd-AppStore.app */;
			productType = "com.apple.product-type.application";
		};
/* End PBXNativeTarget section */

/* Begin PBXProject section */
		2D2151CF2864BC2E007C0A0F /* Project object */ = {
			isa = PBXProject;
			attributes = {
				BuildIndependentTargetsInParallel = 1;
				LastSwiftUpdateCheck = 1340;
				LastUpgradeCheck = 1340;
				TargetAttributes = {
					2D2151D62864BC2E007C0A0F = {
						CreatedOnToolsVersion = 13.4.1;
					};
				};
			};
			buildConfigurationList = 2D2151D22864BC2E007C0A0F /* Build configuration list for PBXProject "CCC-2nd-AppStore" */;
			compatibilityVersion = "Xcode 13.0";
			developmentRegion = en;
			hasScannedForEncodings = 0;
			knownRegions = (
				en,
				Base,
			);
			mainGroup = 2D2151CE2864BC2E007C0A0F;
			productRefGroup = 2D2151D82864BC2E007C0A0F /* Products */;
			projectDirPath = "";
			projectRoot = "";
			targets = (
				2D2151D62864BC2E007C0A0F /* CCC-2nd-AppStore */,
			);
		};
/* End PBXProject section */

/* Begin PBXResourcesBuildPhase section */
		2D2151D52864BC2E007C0A0F /* Resources */ = {
			isa = PBXResourcesBuildPhase;
			buildActionMask = 2147483647;
			files = (
				2D2151E22864BC30007C0A0F /* Preview Assets.xcassets in Resources */,
				2D2151DF2864BC30007C0A0F /* Assets.xcassets in Resources */,
			);
			runOnlyForDeploymentPostprocessing = 0;
		};
/* End PBXResourcesBuildPhase section */

/* Begin PBXSourcesBuildPhase section */
		2D2151D32864BC2E007C0A0F /* Sources */ = {
			isa = PBXSourcesBuildPhase;
			buildActionMask = 2147483647;
			files = (
				2D2151F228693AC7007C0A0F /* TodayCardView.swift in Sources */,
				2D2151EE2866ED3F007C0A0F /* AppView.swift in Sources */,
				2D2151DD2864BC2E007C0A0F /* ContentView.swift in Sources */,
				2D2151F02868C485007C0A0F /* AppDetailView.swift in Sources */,
				2D2151EC2864C52A007C0A0F /* TodayView.swift in Sources */,
				2D2151DB2864BC2E007C0A0F /* CCC_2nd_AppStoreApp.swift in Sources */,
			);
			runOnlyForDeploymentPostprocessing = 0;
		};
/* End PBXSourcesBuildPhase section */

/* Begin XCBuildConfiguration section */
		2D2151E32864BC30007C0A0F /* Debug */ = {
			isa = XCBuildConfiguration;
			buildSettings = {
				ALWAYS_SEARCH_USER_PATHS = NO;
				CLANG_ANALYZER_NONNULL = YES;
				CLANG_ANALYZER_NUMBER_OBJECT_CONVERSION = YES_AGGRESSIVE;
				CLANG_CXX_LANGUAGE_STANDARD = "gnu++17";
				CLANG_ENABLE_MODULES = YES;
				CLANG_ENABLE_OBJC_ARC = YES;
				CLANG_ENABLE_OBJC_WEAK = YES;
				CLANG_WARN_BLOCK_CAPTURE_AUTORELEASING = YES;
				CLANG_WARN_BOOL_CONVERSION = YES;
				CLANG_WARN_COMMA = YES;
				CLANG_WARN_CONSTANT_CONVERSION = YES;
				CLANG_WARN_DEPRECATED_OBJC_IMPLEMENTATIONS = YES;
				CLANG_WARN_DIRECT_OBJC_ISA_USAGE = YES_ERROR;
				CLANG_WARN_DOCUMENTATION_COMMENTS = YES;
				CLANG_WARN_EMPTY_BODY = YES;
				CLANG_WARN_ENUM_CONVERSION = YES;
				CLANG_WARN_INFINITE_RECURSION = YES;
				CLANG_WARN_INT_CONVERSION = YES;
				CLANG_WARN_NON_LITERAL_NULL_CONVERSION = YES;
				CLANG_WARN_OBJC_IMPLICIT_RETAIN_SELF = YES;
				CLANG_WARN_OBJC_LITERAL_CONVERSION = YES;
				CLANG_WARN_OBJC_ROOT_CLASS = YES_ERROR;
				CLANG_WARN_QUOTED_INCLUDE_IN_FRAMEWORK_HEADER = YES;
				CLANG_WARN_RANGE_LOOP_ANALYSIS = YES;
				CLANG_WARN_STRICT_PROTOTYPES = YES;
				CLANG_WARN_SUSPICIOUS_MOVE = YES;
				CLANG_WARN_UNGUARDED_AVAILABILITY = YES_AGGRESSIVE;
				CLANG_WARN_UNREACHABLE_CODE = YES;
				CLANG_WARN__DUPLICATE_METHOD_MATCH = YES;
				COPY_PHASE_STRIP = NO;
				DEBUG_INFORMATION_FORMAT = dwarf;
				ENABLE_STRICT_OBJC_MSGSEND = YES;
				ENABLE_TESTABILITY = YES;
				GCC_C_LANGUAGE_STANDARD = gnu11;
				GCC_DYNAMIC_NO_PIC = NO;
				GCC_NO_COMMON_BLOCKS = YES;
				GCC_OPTIMIZATION_LEVEL = 0;
				GCC_PREPROCESSOR_DEFINITIONS = (
					"DEBUG=1",
					"$(inherited)",
				);
				GCC_WARN_64_TO_32_BIT_CONVERSION = YES;
				GCC_WARN_ABOUT_RETURN_TYPE = YES_ERROR;
				GCC_WARN_UNDECLARED_SELECTOR = YES;
				GCC_WARN_UNINITIALIZED_AUTOS = YES_AGGRESSIVE;
				GCC_WARN_UNUSED_FUNCTION = YES;
				GCC_WARN_UNUSED_VARIABLE = YES;
				IPHONEOS_DEPLOYMENT_TARGET = 15.5;
				MTL_ENABLE_DEBUG_INFO = INCLUDE_SOURCE;
				MTL_FAST_MATH = YES;
				ONLY_ACTIVE_ARCH = YES;
				SDKROOT = iphoneos;
				SWIFT_ACTIVE_COMPILATION_CONDITIONS = DEBUG;
				SWIFT_OPTIMIZATION_LEVEL = "-Onone";
			};
			name = Debug;
		};
		2D2151E42864BC30007C0A0F /* Release */ = {
			isa = XCBuildConfiguration;
			buildSettings = {
				ALWAYS_SEARCH_USER_PATHS = NO;
				CLANG_ANALYZER_NONNULL = YES;
				CLANG_ANALYZER_NUMBER_OBJECT_CONVERSION = YES_AGGRESSIVE;
				CLANG_CXX_LANGUAGE_STANDARD = "gnu++17";
				CLANG_ENABLE_MODULES = YES;
				CLANG_ENABLE_OBJC_ARC = YES;
				CLANG_ENABLE_OBJC_WEAK = YES;
				CLANG_WARN_BLOCK_CAPTURE_AUTORELEASING = YES;
				CLANG_WARN_BOOL_CONVERSION = YES;
				CLANG_WARN_COMMA = YES;
				CLANG_WARN_CONSTANT_CONVERSION = YES;
				CLANG_WARN_DEPRECATED_OBJC_IMPLEMENTATIONS = YES;
				CLANG_WARN_DIRECT_OBJC_ISA_USAGE = YES_ERROR;
				CLANG_WARN_DOCUMENTATION_COMMENTS = YES;
				CLANG_WARN_EMPTY_BODY = YES;
				CLANG_WARN_ENUM_CONVERSION = YES;
				CLANG_WARN_INFINITE_RECURSION = YES;
				CLANG_WARN_INT_CONVERSION = YES;
				CLANG_WARN_NON_LITERAL_NULL_CONVERSION = YES;
				CLANG_WARN_OBJC_IMPLICIT_RETAIN_SELF = YES;
				CLANG_WARN_OBJC_LITERAL_CONVERSION = YES;
				CLANG_WARN_OBJC_ROOT_CLASS = YES_ERROR;
				CLANG_WARN_QUOTED_INCLUDE_IN_FRAMEWORK_HEADER = YES;
				CLANG_WARN_RANGE_LOOP_ANALYSIS = YES;
				CLANG_WARN_STRICT_PROTOTYPES = YES;
				CLANG_WARN_SUSPICIOUS_MOVE = YES;
				CLANG_WARN_UNGUARDED_AVAILABILITY = YES_AGGRESSIVE;
				CLANG_WARN_UNREACHABLE_CODE = YES;
				CLANG_WARN__DUPLICATE_METHOD_MATCH = YES;
				COPY_PHASE_STRIP = NO;
				DEBUG_INFORMATION_FORMAT = "dwarf-with-dsym";
				ENABLE_NS_ASSERTIONS = NO;
				ENABLE_STRICT_OBJC_MSGSEND = YES;
				GCC_C_LANGUAGE_STANDARD = gnu11;
				GCC_NO_COMMON_BLOCKS = YES;
				GCC_WARN_64_TO_32_BIT_CONVERSION = YES;
				GCC_WARN_ABOUT_RETURN_TYPE = YES_ERROR;
				GCC_WARN_UNDECLARED_SELECTOR = YES;
				GCC_WARN_UNINITIALIZED_AUTOS = YES_AGGRESSIVE;
				GCC_WARN_UNUSED_FUNCTION = YES;
				GCC_WARN_UNUSED_VARIABLE = YES;
				IPHONEOS_DEPLOYMENT_TARGET = 15.5;
				MTL_ENABLE_DEBUG_INFO = NO;
				MTL_FAST_MATH = YES;
				SDKROOT = iphoneos;
				SWIFT_COMPILATION_MODE = wholemodule;
				SWIFT_OPTIMIZATION_LEVEL = "-O";
				VALIDATE_PRODUCT = YES;
			};
			name = Release;
		};
		2D2151E62864BC30007C0A0F /* Debug */ = {
			isa = XCBuildConfiguration;
			buildSettings = {
				ASSETCATALOG_COMPILER_APPICON_NAME = AppIcon;
				ASSETCATALOG_COMPILER_GLOBAL_ACCENT_COLOR_NAME = AccentColor;
				CODE_SIGN_STYLE = Automatic;
				CURRENT_PROJECT_VERSION = 1;
				DEVELOPMENT_ASSET_PATHS = "\"CCC-2nd-AppStore/Preview Content\"";
				DEVELOPMENT_TEAM = LR5A5F6L75;
				ENABLE_PREVIEWS = YES;
				GENERATE_INFOPLIST_FILE = YES;
				INFOPLIST_KEY_UIApplicationSceneManifest_Generation = YES;
				INFOPLIST_KEY_UIApplicationSupportsIndirectInputEvents = YES;
				INFOPLIST_KEY_UILaunchScreen_Generation = YES;
				INFOPLIST_KEY_UISupportedInterfaceOrientations_iPad = "UIInterfaceOrientationPortrait UIInterfaceOrientationPortraitUpsideDown UIInterfaceOrientationLandscapeLeft UIInterfaceOrientationLandscapeRight";
				INFOPLIST_KEY_UISupportedInterfaceOrientations_iPhone = "UIInterfaceOrientationPortrait UIInterfaceOrientationLandscapeLeft UIInterfaceOrientationLandscapeRight";
				LD_RUNPATH_SEARCH_PATHS = (
					"$(inherited)",
					"@executable_path/Frameworks",
				);
				MARKETING_VERSION = 1.0;
				PRODUCT_BUNDLE_IDENTIFIER = "com.cool-song.CCC-2nd-AppStore";
				PRODUCT_NAME = "$(TARGET_NAME)";
				SWIFT_EMIT_LOC_STRINGS = YES;
				SWIFT_VERSION = 5.0;
				TARGETED_DEVICE_FAMILY = "1,2";
			};
			name = Debug;
		};
		2D2151E72864BC30007C0A0F /* Release */ = {
			isa = XCBuildConfiguration;
			buildSettings = {
				ASSETCATALOG_COMPILER_APPICON_NAME = AppIcon;
				ASSETCATALOG_COMPILER_GLOBAL_ACCENT_COLOR_NAME = AccentColor;
				CODE_SIGN_STYLE = Automatic;
				CURRENT_PROJECT_VERSION = 1;
				DEVELOPMENT_ASSET_PATHS = "\"CCC-2nd-AppStore/Preview Content\"";
				DEVELOPMENT_TEAM = LR5A5F6L75;
				ENABLE_PREVIEWS = YES;
				GENERATE_INFOPLIST_FILE = YES;
				INFOPLIST_KEY_UIApplicationSceneManifest_Generation = YES;
				INFOPLIST_KEY_UIApplicationSupportsIndirectInputEvents = YES;
				INFOPLIST_KEY_UILaunchScreen_Generation = YES;
				INFOPLIST_KEY_UISupportedInterfaceOrientations_iPad = "UIInterfaceOrientationPortrait UIInterfaceOrientationPortraitUpsideDown UIInterfaceOrientationLandscapeLeft UIInterfaceOrientationLandscapeRight";
				INFOPLIST_KEY_UISupportedInterfaceOrientations_iPhone = "UIInterfaceOrientationPortrait UIInterfaceOrientationLandscapeLeft UIInterfaceOrientationLandscapeRight";
				LD_RUNPATH_SEARCH_PATHS = (
					"$(inherited)",
					"@executable_path/Frameworks",
				);
				MARKETING_VERSION = 1.0;
				PRODUCT_BUNDLE_IDENTIFIER = "com.cool-song.CCC-2nd-AppStore";
				PRODUCT_NAME = "$(TARGET_NAME)";
				SWIFT_EMIT_LOC_STRINGS = YES;
				SWIFT_VERSION = 5.0;
				TARGETED_DEVICE_FAMILY = "1,2";
			};
			name = Release;
		};
/* End XCBuildConfiguration section */

/* Begin XCConfigurationList section */
		2D2151D22864BC2E007C0A0F /* Build configuration list for PBXProject "CCC-2nd-AppStore" */ = {
			isa = XCConfigurationList;
			buildConfigurations = (
				2D2151E32864BC30007C0A0F /* Debug */,
				2D2151E42864BC30007C0A0F /* Release */,
			);
			defaultConfigurationIsVisible = 0;
			defaultConfigurationName = Release;
		};
		2D2151E52864BC30007C0A0F /* Build configuration list for PBXNativeTarget "CCC-2nd-AppStore" */ = {
			isa = XCConfigurationList;
			buildConfigurations = (
				2D2151E62864BC30007C0A0F /* Debug */,
				2D2151E72864BC30007C0A0F /* Release */,
			);
			defaultConfigurationIsVisible = 0;
			defaultConfigurationName = Release;
		};
/* End XCConfigurationList section */
	};
	rootObject = 2D2151CF2864BC2E007C0A0F /* Project object */;
}
